{
  "requires": true,
  "lockfileVersion": 1,
  "dependencies": {
    "react-rellax-wrapper": {
      "version": "1.0.6",
      "resolved": "https://registry.npmjs.org/react-rellax-wrapper/-/react-rellax-wrapper-1.0.6.tgz",
      "integrity": "sha512-wWhtNKSMFWz8jMzxrHrcPFp0Em2Eew4A4j8NwsAG7uVvzXXKuoWTnVQUsSzC0v1eXLPYkbfgifXjrCKXHDBhAQ==",
      "requires": {
        "rellax": "^1.12.1"
      }
    },
    "rellax": {
      "version": "1.12.1",
      "resolved": "https://registry.npmjs.org/rellax/-/rellax-1.12.1.tgz",
      "integrity": "sha512-XBIi0CDpW5FLTujYjYBn1CIbK2CJL6TsAg/w409KghP2LucjjzBjsujXDAjyBLWgsfupfUcL5WzdnIPcGfK7XA=="
    }
  }
}
